
Microsoft Visual Studio Solution File, Format Version 12.00
# Visual Studio Version 16
VisualStudioVersion = 16.0.30804.86
MinimumVisualStudioVersion = 10.0.40219.1
Project("{8BC9CEB8-8B4A-11D0-8D11-00A0C91BC942}") = "LAB1", "LAB1.vcxproj", "{845C0F7B-3BE3-41A1-AB57-A9B6D6DBBCEE}"
EndProject
Global
	GlobalSection(SolutionConfigurationPlatforms) = preSolution
		Debug|x64 = Debug|x64
		Debug|x86 = Debug|x86
		Release|x64 = Release|x64
		Release|x86 = Release|x86
	EndGlobalSection
	GlobalSection(ProjectConfigurationPlatforms) = postSolution
		{845C0F7B-3BE3-41A1-AB57-A9B6D6DBBCEE}.Debug|x64.ActiveCfg = Debug|x64
		{845C0F7B-3BE3-41A1-AB57-A9B6D6DBBCEE}.Debug|x64.Build.0 = Debug|x64
		{845C0F7B-3BE3-41A1-AB57-A9B6D6DBBCEE}.Debug|x86.ActiveCfg = Debug|Win32
		{845C0F7B-3BE3-41A1-AB57-A9B6D6DBBCEE}.Debug|x86.Build.0 = Debug|Win32
		{845C0F7B-3BE3-41A1-AB57-A9B6D6DBBCEE}.Release|x64.ActiveCfg = Release|x64
		{845C0F7B-3BE3-41A1-AB57-A9B6D6DBBCEE}.Release|x64.Build.0 = Release|x64
		{845C0F7B-3BE3-41A1-AB57-A9B6D6DBBCEE}.Release|x86.ActiveCfg = Release|Win32
		{845C0F7B-3BE3-41A1-AB57-A9B6D6DBBCEE}.Release|x86.Build.0 = Release|Win32
	EndGlobalSection
	GlobalSection(SolutionProperties) = preSolution
		HideSolutionNode = FALSE
	EndGlobalSection
	GlobalSection(ExtensibilityGlobals) = postSolution
		SolutionGuid = {821D300B-0A36-4E7E-8CEA-D5F80F64D150}
	EndGlobalSection
EndGlobal
