
Microsoft Visual Studio Solution File, Format Version 12.00
# Visual Studio Version 16
VisualStudioVersion = 16.0.30804.86
MinimumVisualStudioVersion = 10.0.40219.1
Project("{8BC9CEB8-8B4A-11D0-8D11-00A0C91BC942}") = "karynaaaaaa", "karynaaaaaa.vcxproj", "{D002A81F-2062-4953-99FC-4D284E7A4402}"
EndProject
Global
	GlobalSection(SolutionConfigurationPlatforms) = preSolution
		Debug|x64 = Debug|x64
		Debug|x86 = Debug|x86
		Release|x64 = Release|x64
		Release|x86 = Release|x86
	EndGlobalSection
	GlobalSection(ProjectConfigurationPlatforms) = postSolution
		{D002A81F-2062-4953-99FC-4D284E7A4402}.Debug|x64.ActiveCfg = Debug|x64
		{D002A81F-2062-4953-99FC-4D284E7A4402}.Debug|x64.Build.0 = Debug|x64
		{D002A81F-2062-4953-99FC-4D284E7A4402}.Debug|x86.ActiveCfg = Debug|Win32
		{D002A81F-2062-4953-99FC-4D284E7A4402}.Debug|x86.Build.0 = Debug|Win32
		{D002A81F-2062-4953-99FC-4D284E7A4402}.Release|x64.ActiveCfg = Release|x64
		{D002A81F-2062-4953-99FC-4D284E7A4402}.Release|x64.Build.0 = Release|x64
		{D002A81F-2062-4953-99FC-4D284E7A4402}.Release|x86.ActiveCfg = Release|Win32
		{D002A81F-2062-4953-99FC-4D284E7A4402}.Release|x86.Build.0 = Release|Win32
	EndGlobalSection
	GlobalSection(SolutionProperties) = preSolution
		HideSolutionNode = FALSE
	EndGlobalSection
	GlobalSection(ExtensibilityGlobals) = postSolution
		SolutionGuid = {3B566726-0F7B-4846-A48E-E35525FBE003}
	EndGlobalSection
EndGlobal
